// !$*UTF8*$!
{
	archiveVersion = 1;
	classes = {
	};
	objectVersion = 46;
	objects = {

/* Begin PBXBuildFile section */
		8834282C1D56B3FA00B0E702 /* AppDelegate.swift in Sources */ = {isa = PBXBuildFile; fileRef = 8834282B1D56B3FA00B0E702 /* AppDelegate.swift */; };
		8834282E1D56B3FA00B0E702 /* ViewController.swift in Sources */ = {isa = PBXBuildFile; fileRef = 8834282D1D56B3FA00B0E702 /* ViewController.swift */; };
		883428311D56B3FA00B0E702 /* Main.storyboard in Resources */ = {isa = PBXBuildFile; fileRef = 8834282F1D56B3FA00B0E702 /* Main.storyboard */; };
		883428331D56B3FA00B0E702 /* Assets.xcassets in Resources */ = {isa = PBXBuildFile; fileRef = 883428321D56B3FA00B0E702 /* Assets.xcassets */; };
		883428361D56B3FA00B0E702 /* LaunchScreen.storyboard in Resources */ = {isa = PBXBuildFile; fileRef = 883428341D56B3FA00B0E702 /* LaunchScreen.storyboard */; };
		8834283E1D56BCD400B0E702 /* sea320.png in Resources */ = {isa = PBXBuildFile; fileRef = 8834283D1D56BCD400B0E702 /* sea320.png */; };
/* End PBXBuildFile section */

/* Begin PBXFileReference section */
		883428281D56B3FA00B0E702 /* TestUIAlertController.app */ = {isa = PBXFileReference; explicitFileType = wrapper.application; includeInIndex = 0; path = TestUIAlertController.app; sourceTree = BUILT_PRODUCTS_DIR; };
		8834282B1D56B3FA00B0E702 /* AppDelegate.swift */ = {isa = PBXFileReference; lastKnownFileType = sourcecode.swift; path = AppDelegate.swift; sourceTree = "<group>"; };
		8834282D1D56B3FA00B0E702 /* ViewController.swift */ = {isa = PBXFileReference; lastKnownFileType = sourcecode.swift; path = ViewController.swift; sourceTree = "<group>"; };
		883428301D56B3FA00B0E702 /* Base */ = {isa = PBXFileReference; lastKnownFileType = file.storyboard; name = Base; path = Base.lproj/Main.storyboard; sourceTree = "<group>"; };
		883428321D56B3FA00B0E702 /* Assets.xcassets */ = {isa = PBXFileReference; lastKnownFileType = folder.assetcatalog; path = Assets.xcassets; sourceTree = "<group>"; };
		883428351D56B3FA00B0E702 /* Base */ = {isa = PBXFileReference; lastKnownFileType = file.storyboard; name = Base; path = Base.lproj/LaunchScreen.storyboard; sourceTree = "<group>"; };
		883428371D56B3FA00B0E702 /* Info.plist */ = {isa = PBXFileReference; lastKnownFileType = text.plist.xml; path = Info.plist; sourceTree = "<group>"; };
		8834283D1D56BCD400B0E702 /* sea320.png */ = {isa = PBXFileReference; lastKnownFileType = image.png; path = sea320.png; sourceTree = "<group>"; };
/* End PBXFileReference section */

/* Begin PBXFrameworksBuildPhase section */
		883428251D56B3F900B0E702 /* Frameworks */ = {
			isa = PBXFrameworksBuildPhase;
			buildActionMask = 2147483647;
			files = (
			);
			runOnlyForDeploymentPostprocessing = 0;
		};
/* End PBXFrameworksBuildPhase section */

/* Begin PBXGroup section */
		8834281F1D56B3F900B0E702 = {
			isa = PBXGroup;
			children = (
				8834282A1D56B3FA00B0E702 /* TestUIAlertController */,
				883428291D56B3FA00B0E702 /* Products */,
			);
			sourceTree = "<group>";
		};
		883428291D56B3FA00B0E702 /* Products */ = {
			isa = PBXGroup;
			children = (
				883428281D56B3FA00B0E702 /* TestUIAlertController.app */,
			);
			name = Products;
			sourceTree = "<group>";
		};
		8834282A1D56B3FA00B0E702 /* TestUIAlertController */ = {
			isa = PBXGroup;
			children = (
				8834282B1D56B3FA00B0E702 /* AppDelegate.swift */,
				8834282D1D56B3FA00B0E702 /* ViewController.swift */,
				8834282F1D56B3FA00B0E702 /* Main.storyboard */,
				883428321D56B3FA00B0E702 /* Assets.xcassets */,
				883428341D56B3FA00B0E702 /* LaunchScreen.storyboard */,
				8834283D1D56BCD400B0E702 /* sea320.png */,
				883428371D56B3FA00B0E702 /* Info.plist */,
			);
			path = TestUIAlertController;
			sourceTree = "<group>";
		};
/* End PBXGroup section */

/* Begin PBXNativeTarget section */
		883428271D56B3F900B0E702 /* TestUIAlertController */ = {
			isa = PBXNativeTarget;
			buildConfigurationList = 8834283A1D56B3FA00B0E702 /* Build configuration list for PBXNativeTarget "TestUIAlertController" */;
			buildPhases = (
				883428241D56B3F900B0E702 /* Sources */,
				883428251D56B3F900B0E702 /* Frameworks */,
				883428261D56B3F900B0E702 /* Resources */,
			);
			buildRules = (
			);
			dependencies = (
			);
			name = TestUIAlertController;
			productName = TestUIAlertController;
			productReference = 883428281D56B3FA00B0E702 /* TestUIAlertController.app */;
			productType = "com.apple.product-type.application";
		};
/* End PBXNativeTarget section */

/* Begin PBXProject section */
		883428201D56B3F900B0E702 /* Project object */ = {
			isa = PBXProject;
			attributes = {
				LastSwiftUpdateCheck = 0720;
				LastUpgradeCheck = 0720;
				ORGANIZATIONNAME = TestOrganization;
				TargetAttributes = {
					883428271D56B3F900B0E702 = {
						CreatedOnToolsVersion = 7.2.1;
					};
				};
			};
			buildConfigurationList = 883428231D56B3F900B0E702 /* Build configuration list for PBXProject "TestUIAlertController" */;
			compatibilityVersion = "Xcode 3.2";
			developmentRegion = English;
			hasScannedForEncodings = 0;
			knownRegions = (
				en,
				Base,
			);
			mainGroup = 8834281F1D56B3F900B0E702;
			productRefGroup = 883428291D56B3FA00B0E702 /* Products */;
			projectDirPath = "";
			projectRoot = "";
			targets = (
				883428271D56B3F900B0E702 /* TestUIAlertController */,
			);
		};
/* End PBXProject section */

/* Begin PBXResourcesBuildPhase section */
		883428261D56B3F900B0E702 /* Resources */ = {
			isa = PBXResourcesBuildPhase;
			buildActionMask = 2147483647;
			files = (
				883428361D56B3FA00B0E702 /* LaunchScreen.storyboard in Resources */,
				883428331D56B3FA00B0E702 /* Assets.xcassets in Resources */,
				883428311D56B3FA00B0E702 /* Main.storyboard in Resources */,
				8834283E1D56BCD400B0E702 /* sea320.png in Resources */,
			);
			runOnlyForDeploymentPostprocessing = 0;
		};
/* End PBXResourcesBuildPhase section */

/* Begin PBXSourcesBuildPhase section */
		883428241D56B3F900B0E702 /* Sources */ = {
			isa = PBXSourcesBuildPhase;
			buildActionMask = 2147483647;
			files = (
				8834282E1D56B3FA00B0E702 /* ViewController.swift in Sources */,
				8834282C1D56B3FA00B0E702 /* AppDelegate.swift in Sources */,
			);
			runOnlyForDeploymentPostprocessing = 0;
		};
/* End PBXSourcesBuildPhase section */

/* Begin PBXVariantGroup section */
		8834282F1D56B3FA00B0E702 /* Main.storyboard */ = {
			isa = PBXVariantGroup;
			children = (
				883428301D56B3FA00B0E702 /* Base */,
			);
			name = Main.storyboard;
			sourceTree = "<group>";
		};
		883428341D56B3FA00B0E702 /* LaunchScreen.storyboard */ = {
			isa = PBXVariantGroup;
			children = (
				883428351D56B3FA00B0E702 /* Base */,
			);
			name = LaunchScreen.storyboard;
			sourceTree = "<group>";
		};
/* End PBXVariantGroup section */

/* Begin XCBuildConfiguration section */
		883428381D56B3FA00B0E702 /* Debug */ = {
			isa = XCBuildConfiguration;
			buildSettings = {
				ALWAYS_SEARCH_USER_PATHS = NO;
				CLANG_CXX_LANGUAGE_STANDARD = "gnu++0x";
				CLANG_CXX_LIBRARY = "libc++";
				CLANG_ENABLE_MODULES = YES;
				CLANG_ENABLE_OBJC_ARC = YES;
				CLANG_WARN_BOOL_CONVERSION = YES;
				CLANG_WARN_CONSTANT_CONVERSION = YES;
				CLANG_WARN_DIRECT_OBJC_ISA_USAGE = YES_ERROR;
				CLANG_WARN_EMPTY_BODY = YES;
				CLANG_WARN_ENUM_CONVERSION = YES;
				CLANG_WARN_INT_CONVERSION = YES;
				CLANG_WARN_OBJC_ROOT_CLASS = YES_ERROR;
				CLANG_WARN_UNREACHABLE_CODE = YES;
				CLANG_WARN__DUPLICATE_METHOD_MATCH = YES;
				"CODE_SIGN_IDENTITY[sdk=iphoneos*]" = "iPhone Developer";
				COPY_PHASE_STRIP = NO;
				DEBUG_INFORMATION_FORMAT = dwarf;
				ENABLE_STRICT_OBJC_MSGSEND = YES;
				ENABLE_TESTABILITY = YES;
				GCC_C_LANGUAGE_STANDARD = gnu99;
				GCC_DYNAMIC_NO_PIC = NO;
				GCC_NO_COMMON_BLOCKS = YES;
				GCC_OPTIMIZATION_LEVEL = 0;
				GCC_PREPROCESSOR_DEFINITIONS = (
					"DEBUG=1",
					"$(inherited)",
				);
				GCC_WARN_64_TO_32_BIT_CONVERSION = YES;
				GCC_WARN_ABOUT_RETURN_TYPE = YES_ERROR;
				GCC_WARN_UNDECLARED_SELECTOR = YES;
				GCC_WARN_UNINITIALIZED_AUTOS = YES_AGGRESSIVE;
				GCC_WARN_UNUSED_FUNCTION = YES;
				GCC_WARN_UNUSED_VARIABLE = YES;
				IPHONEOS_DEPLOYMENT_TARGET = 9.2;
				MTL_ENABLE_DEBUG_INFO = YES;
				ONLY_ACTIVE_ARCH = YES;
				SDKROOT = iphoneos;
				SWIFT_OPTIMIZATION_LEVEL = "-Onone";
				TARGETED_DEVICE_FAMILY = "1,2";
			};
			name = Debug;
		};
		883428391D56B3FA00B0E702 /* Release */ = {
			isa = XCBuildConfiguration;
			buildSettings = {
				ALWAYS_SEARCH_USER_PATHS = NO;
				CLANG_CXX_LANGUAGE_STANDARD = "gnu++0x";
				CLANG_CXX_LIBRARY = "libc++";
				CLANG_ENABLE_MODULES = YES;
				CLANG_ENABLE_OBJC_ARC = YES;
				CLANG_WARN_BOOL_CONVERSION = YES;
				CLANG_WARN_CONSTANT_CONVERSION = YES;
				CLANG_WARN_DIRECT_OBJC_ISA_USAGE = YES_ERROR;
				CLANG_WARN_EMPTY_BODY = YES;
				CLANG_WARN_ENUM_CONVERSION = YES;
				CLANG_WARN_INT_CONVERSION = YES;
				CLANG_WARN_OBJC_ROOT_CLASS = YES_ERROR;
				CLANG_WARN_UNREACHABLE_CODE = YES;
				CLANG_WARN__DUPLICATE_METHOD_MATCH = YES;
				"CODE_SIGN_IDENTITY[sdk=iphoneos*]" = "iPhone Developer";
				COPY_PHASE_STRIP = NO;
				DEBUG_INFORMATION_FORMAT = "dwarf-with-dsym";
				ENABLE_NS_ASSERTIONS = NO;
				ENABLE_STRICT_OBJC_MSGSEND = YES;
				GCC_C_LANGUAGE_STANDARD = gnu99;
				GCC_NO_COMMON_BLOCKS = YES;
				GCC_WARN_64_TO_32_BIT_CONVERSION = YES;
				GCC_WARN_ABOUT_RETURN_TYPE = YES_ERROR;
				GCC_WARN_UNDECLARED_SELECTOR = YES;
				GCC_WARN_UNINITIALIZED_AUTOS = YES_AGGRESSIVE;
				GCC_WARN_UNUSED_FUNCTION = YES;
				GCC_WARN_UNUSED_VARIABLE = YES;
				IPHONEOS_DEPLOYMENT_TARGET = 9.2;
				MTL_ENABLE_DEBUG_INFO = NO;
				SDKROOT = iphoneos;
				TARGETED_DEVICE_FAMILY = "1,2";
				VALIDATE_PRODUCT = YES;
			};
			name = Release;
		};
		8834283B1D56B3FA00B0E702 /* Debug */ = {
			isa = XCBuildConfiguration;
			buildSettings = {
				ASSETCATALOG_COMPILER_APPICON_NAME = AppIcon;
				INFOPLIST_FILE = TestUIAlertController/Info.plist;
				LD_RUNPATH_SEARCH_PATHS = "$(inherited) @executable_path/Frameworks";
				PRODUCT_BUNDLE_IDENTIFIER = com.test.TestUIAlertController;
				PRODUCT_NAME = "$(TARGET_NAME)";
			};
			name = Debug;
		};
		8834283C1D56B3FA00B0E702 /* Release */ = {
			isa = XCBuildConfiguration;
			buildSettings = {
				ASSETCATALOG_COMPILER_APPICON_NAME = AppIcon;
				INFOPLIST_FILE = TestUIAlertController/Info.plist;
				LD_RUNPATH_SEARCH_PATHS = "$(inherited) @executable_path/Frameworks";
				PRODUCT_BUNDLE_IDENTIFIER = com.test.TestUIAlertController;
				PRODUCT_NAME = "$(TARGET_NAME)";
			};
			name = Release;
		};
/* End XCBuildConfiguration section */

/* Begin XCConfigurationList section */
		883428231D56B3F900B0E702 /* Build configuration list for PBXProject "TestUIAlertController" */ = {
			isa = XCConfigurationList;
			buildConfigurations = (
				883428381D56B3FA00B0E702 /* Debug */,
				883428391D56B3FA00B0E702 /* Release */,
			);
			defaultConfigurationIsVisible = 0;
			defaultConfigurationName = Release;
		};
		8834283A1D56B3FA00B0E702 /* Build configuration list for PBXNativeTarget "TestUIAlertController" */ = {
			isa = XCConfigurationList;
			buildConfigurations = (
				8834283B1D56B3FA00B0E702 /* Debug */,
				8834283C1D56B3FA00B0E702 /* Release */,
			);
			defaultConfigurationIsVisible = 0;
		};
/* End XCConfigurationList section */
	};
	rootObject = 883428201D56B3F900B0E702 /* Project object */;
}
